
Microsoft Visual Studio Solution File, Format Version 11.00
# Visual Studio 2010
Project("{FAE04EC0-301F-11D3-BF4B-00C04F79EFBC}") = "Points", "Point3D\Points.csproj", "{DD6A7800-69DA-4B7B-B497-DB017D2E1D54}"
EndProject
Project("{FAE04EC0-301F-11D3-BF4B-00C04F79EFBC}") = "TestApplication", "TestApplication\TestApplication.csproj", "{F9396FE2-F212-4606-8806-680D2865F858}"
EndProject
Project("{FAE04EC0-301F-11D3-BF4B-00C04F79EFBC}") = "Generic", "GenericMatrix\Generic.csproj", "{4B9DFC8F-AD86-4193-A399-1E3B94CD2E6D}"
EndProject
Project("{FAE04EC0-301F-11D3-BF4B-00C04F79EFBC}") = "Versions", "Versions\Versions.csproj", "{F8224F91-9528-45B1-822F-A8DE9F3899A5}"
EndProject
Global
	GlobalSection(SolutionConfigurationPlatforms) = preSolution
		Debug|Any CPU = Debug|Any CPU
		Debug|Mixed Platforms = Debug|Mixed Platforms
		Debug|x86 = Debug|x86
		Release|Any CPU = Release|Any CPU
		Release|Mixed Platforms = Release|Mixed Platforms
		Release|x86 = Release|x86
	EndGlobalSection
	GlobalSection(ProjectConfigurationPlatforms) = postSolution
		{DD6A7800-69DA-4B7B-B497-DB017D2E1D54}.Debug|Any CPU.ActiveCfg = Debug|Any CPU
		{DD6A7800-69DA-4B7B-B497-DB017D2E1D54}.Debug|Any CPU.Build.0 = Debug|Any CPU
		{DD6A7800-69DA-4B7B-B497-DB017D2E1D54}.Debug|Mixed Platforms.ActiveCfg = Debug|Any CPU
		{DD6A7800-69DA-4B7B-B497-DB017D2E1D54}.Debug|Mixed Platforms.Build.0 = Debug|Any CPU
		{DD6A7800-69DA-4B7B-B497-DB017D2E1D54}.Debug|x86.ActiveCfg = Debug|Any CPU
		{DD6A7800-69DA-4B7B-B497-DB017D2E1D54}.Release|Any CPU.ActiveCfg = Release|Any CPU
		{DD6A7800-69DA-4B7B-B497-DB017D2E1D54}.Release|Any CPU.Build.0 = Release|Any CPU
		{DD6A7800-69DA-4B7B-B497-DB017D2E1D54}.Release|Mixed Platforms.ActiveCfg = Release|Any CPU
		{DD6A7800-69DA-4B7B-B497-DB017D2E1D54}.Release|Mixed Platforms.Build.0 = Release|Any CPU
		{DD6A7800-69DA-4B7B-B497-DB017D2E1D54}.Release|x86.ActiveCfg = Release|Any CPU
		{F9396FE2-F212-4606-8806-680D2865F858}.Debug|Any CPU.ActiveCfg = Debug|x86
		{F9396FE2-F212-4606-8806-680D2865F858}.Debug|Mixed Platforms.ActiveCfg = Debug|x86
		{F9396FE2-F212-4606-8806-680D2865F858}.Debug|Mixed Platforms.Build.0 = Debug|x86
		{F9396FE2-F212-4606-8806-680D2865F858}.Debug|x86.ActiveCfg = Debug|x86
		{F9396FE2-F212-4606-8806-680D2865F858}.Debug|x86.Build.0 = Debug|x86
		{F9396FE2-F212-4606-8806-680D2865F858}.Release|Any CPU.ActiveCfg = Release|x86
		{F9396FE2-F212-4606-8806-680D2865F858}.Release|Mixed Platforms.ActiveCfg = Release|x86
		{F9396FE2-F212-4606-8806-680D2865F858}.Release|Mixed Platforms.Build.0 = Release|x86
		{F9396FE2-F212-4606-8806-680D2865F858}.Release|x86.ActiveCfg = Release|x86
		{F9396FE2-F212-4606-8806-680D2865F858}.Release|x86.Build.0 = Release|x86
		{4B9DFC8F-AD86-4193-A399-1E3B94CD2E6D}.Debug|Any CPU.ActiveCfg = Debug|Any CPU
		{4B9DFC8F-AD86-4193-A399-1E3B94CD2E6D}.Debug|Any CPU.Build.0 = Debug|Any CPU
		{4B9DFC8F-AD86-4193-A399-1E3B94CD2E6D}.Debug|Mixed Platforms.ActiveCfg = Debug|Any CPU
		{4B9DFC8F-AD86-4193-A399-1E3B94CD2E6D}.Debug|Mixed Platforms.Build.0 = Debug|Any CPU
		{4B9DFC8F-AD86-4193-A399-1E3B94CD2E6D}.Debug|x86.ActiveCfg = Debug|Any CPU
		{4B9DFC8F-AD86-4193-A399-1E3B94CD2E6D}.Release|Any CPU.ActiveCfg = Release|Any CPU
		{4B9DFC8F-AD86-4193-A399-1E3B94CD2E6D}.Release|Any CPU.Build.0 = Release|Any CPU
		{4B9DFC8F-AD86-4193-A399-1E3B94CD2E6D}.Release|Mixed Platforms.ActiveCfg = Release|Any CPU
		{4B9DFC8F-AD86-4193-A399-1E3B94CD2E6D}.Release|Mixed Platforms.Build.0 = Release|Any CPU
		{4B9DFC8F-AD86-4193-A399-1E3B94CD2E6D}.Release|x86.ActiveCfg = Release|Any CPU
		{F8224F91-9528-45B1-822F-A8DE9F3899A5}.Debug|Any CPU.ActiveCfg = Debug|Any CPU
		{F8224F91-9528-45B1-822F-A8DE9F3899A5}.Debug|Any CPU.Build.0 = Debug|Any CPU
		{F8224F91-9528-45B1-822F-A8DE9F3899A5}.Debug|Mixed Platforms.ActiveCfg = Debug|Any CPU
		{F8224F91-9528-45B1-822F-A8DE9F3899A5}.Debug|Mixed Platforms.Build.0 = Debug|Any CPU
		{F8224F91-9528-45B1-822F-A8DE9F3899A5}.Debug|x86.ActiveCfg = Debug|Any CPU
		{F8224F91-9528-45B1-822F-A8DE9F3899A5}.Release|Any CPU.ActiveCfg = Release|Any CPU
		{F8224F91-9528-45B1-822F-A8DE9F3899A5}.Release|Any CPU.Build.0 = Release|Any CPU
		{F8224F91-9528-45B1-822F-A8DE9F3899A5}.Release|Mixed Platforms.ActiveCfg = Release|Any CPU
		{F8224F91-9528-45B1-822F-A8DE9F3899A5}.Release|Mixed Platforms.Build.0 = Release|Any CPU
		{F8224F91-9528-45B1-822F-A8DE9F3899A5}.Release|x86.ActiveCfg = Release|Any CPU
	EndGlobalSection
	GlobalSection(SolutionProperties) = preSolution
		HideSolutionNode = FALSE
	EndGlobalSection
EndGlobal
