
Microsoft Visual Studio Solution File, Format Version 11.00
# Visual Studio 2010
Project("{FAE04EC0-301F-11D3-BF4B-00C04F79EFBC}") = "Ex01DeclareVariables", "Ex01DeclareVariables\Ex01DeclareVariables.csproj", "{46B01E1B-086F-451F-9853-5CDE5EC51F73}"
EndProject
Global
	GlobalSection(SolutionConfigurationPlatforms) = preSolution
		Debug|x86 = Debug|x86
		Release|x86 = Release|x86
	EndGlobalSection
	GlobalSection(ProjectConfigurationPlatforms) = postSolution
		{46B01E1B-086F-451F-9853-5CDE5EC51F73}.Debug|x86.ActiveCfg = Debug|x86
		{46B01E1B-086F-451F-9853-5CDE5EC51F73}.Debug|x86.Build.0 = Debug|x86
		{46B01E1B-086F-451F-9853-5CDE5EC51F73}.Release|x86.ActiveCfg = Release|x86
		{46B01E1B-086F-451F-9853-5CDE5EC51F73}.Release|x86.Build.0 = Release|x86
	EndGlobalSection
	GlobalSection(SolutionProperties) = preSolution
		HideSolutionNode = FALSE
	EndGlobalSection
EndGlobal
